
Microsoft Visual Studio Solution File, Format Version 12.00
# Visual Studio Version 16
VisualStudioVersion = 16.0.29920.165
MinimumVisualStudioVersion = 10.0.40219.1
Project("{FAE04EC0-301F-11D3-BF4B-00C04F79EFBC}") = "LessonLoginov04", "LessonLoginov04\LessonLoginov04.csproj", "{467D6F8C-E83D-48E9-B13E-CA4593EFBD5F}"
EndProject
Project("{FAE04EC0-301F-11D3-BF4B-00C04F79EFBC}") = "04lesson01", "04lesson01\04lesson01.csproj", "{C53E665C-A995-480C-B34F-52CBC03351BF}"
EndProject
Project("{FAE04EC0-301F-11D3-BF4B-00C04F79EFBC}") = "04les02", "04les02\04les02.csproj", "{60D57A2F-A001-46D8-957C-CA4FEDD32B2C}"
EndProject
Project("{FAE04EC0-301F-11D3-BF4B-00C04F79EFBC}") = "04les03", "04les03\04les03.csproj", "{B21CFF70-7D24-4188-AE24-B20B1CD43EF5}"
EndProject
Project("{FAE04EC0-301F-11D3-BF4B-00C04F79EFBC}") = "04les04", "04les04\04les04.csproj", "{A22E0F85-1D7F-4EDC-91B8-C58DD51C7562}"
EndProject
Global
	GlobalSection(SolutionConfigurationPlatforms) = preSolution
		Debug|Any CPU = Debug|Any CPU
		Release|Any CPU = Release|Any CPU
	EndGlobalSection
	GlobalSection(ProjectConfigurationPlatforms) = postSolution
		{467D6F8C-E83D-48E9-B13E-CA4593EFBD5F}.Debug|Any CPU.ActiveCfg = Debug|Any CPU
		{467D6F8C-E83D-48E9-B13E-CA4593EFBD5F}.Debug|Any CPU.Build.0 = Debug|Any CPU
		{467D6F8C-E83D-48E9-B13E-CA4593EFBD5F}.Release|Any CPU.ActiveCfg = Release|Any CPU
		{467D6F8C-E83D-48E9-B13E-CA4593EFBD5F}.Release|Any CPU.Build.0 = Release|Any CPU
		{C53E665C-A995-480C-B34F-52CBC03351BF}.Debug|Any CPU.ActiveCfg = Debug|Any CPU
		{C53E665C-A995-480C-B34F-52CBC03351BF}.Debug|Any CPU.Build.0 = Debug|Any CPU
		{C53E665C-A995-480C-B34F-52CBC03351BF}.Release|Any CPU.ActiveCfg = Release|Any CPU
		{C53E665C-A995-480C-B34F-52CBC03351BF}.Release|Any CPU.Build.0 = Release|Any CPU
		{60D57A2F-A001-46D8-957C-CA4FEDD32B2C}.Debug|Any CPU.ActiveCfg = Debug|Any CPU
		{60D57A2F-A001-46D8-957C-CA4FEDD32B2C}.Debug|Any CPU.Build.0 = Debug|Any CPU
		{60D57A2F-A001-46D8-957C-CA4FEDD32B2C}.Release|Any CPU.ActiveCfg = Release|Any CPU
		{60D57A2F-A001-46D8-957C-CA4FEDD32B2C}.Release|Any CPU.Build.0 = Release|Any CPU
		{B21CFF70-7D24-4188-AE24-B20B1CD43EF5}.Debug|Any CPU.ActiveCfg = Debug|Any CPU
		{B21CFF70-7D24-4188-AE24-B20B1CD43EF5}.Debug|Any CPU.Build.0 = Debug|Any CPU
		{B21CFF70-7D24-4188-AE24-B20B1CD43EF5}.Release|Any CPU.ActiveCfg = Release|Any CPU
		{B21CFF70-7D24-4188-AE24-B20B1CD43EF5}.Release|Any CPU.Build.0 = Release|Any CPU
		{A22E0F85-1D7F-4EDC-91B8-C58DD51C7562}.Debug|Any CPU.ActiveCfg = Debug|Any CPU
		{A22E0F85-1D7F-4EDC-91B8-C58DD51C7562}.Debug|Any CPU.Build.0 = Debug|Any CPU
		{A22E0F85-1D7F-4EDC-91B8-C58DD51C7562}.Release|Any CPU.ActiveCfg = Release|Any CPU
		{A22E0F85-1D7F-4EDC-91B8-C58DD51C7562}.Release|Any CPU.Build.0 = Release|Any CPU
	EndGlobalSection
	GlobalSection(SolutionProperties) = preSolution
		HideSolutionNode = FALSE
	EndGlobalSection
	GlobalSection(ExtensibilityGlobals) = postSolution
		SolutionGuid = {9DD2A00D-A84A-4FBE-B579-BFC8116E225D}
	EndGlobalSection
EndGlobal
